<?xml version="1.0" encoding="utf-8"?>
<Project ToolsVersion="4.0" xmlns="http://schemas.microsoft.com/developer/msbuild/2003">
  <ItemGroup>
    <Filter Include="源文件">
      <UniqueIdentifier>{4FC737F1-C7A5-4376-A066-2A32D752A2FF}</UniqueIdentifier>
      <Extensions>cpp;c;cc;cxx;def;odl;idl;hpj;bat;asm;asmx</Extensions>
    </Filter>
    <Filter Include="头文件">
      <UniqueIdentifier>{93995380-89BD-4b04-88EB-625FBE52EBFB}</UniqueIdentifier>
      <Extensions>h;hpp;hxx;hm;inl;inc;xsd</Extensions>
    </Filter>
    <Filter Include="资源文件">
      <UniqueIdentifier>{67DA6AB6-F800-4c08-8B7A-83BB121AAD01}</UniqueIdentifier>
      <Extensions>rc;ico;cur;bmp;dlg;rc2;rct;bin;rgs;gif;jpg;jpeg;jpe;resx;tiff;tif;png;wav;mfcribbon-ms</Extensions>
    </Filter>
  </ItemGroup>
  <ItemGroup>
    <None Include="ReadMe.txt" />
    <None Include="res\DBMS.rc2">
      <Filter>资源文件</Filter>
    </None>
    <None Include="res\DBMSDoc.ico">
      <Filter>资源文件</Filter>
    </None>
    <None Include="res\DBMS.ico">
      <Filter>资源文件</Filter>
    </None>
    <None Include="res\Toolbar.bmp">
      <Filter>资源文件</Filter>
    </None>
    <None Include="res\icon1.ico">
      <Filter>资源文件</Filter>
    </None>
    <None Include="res\icon2.ico">
      <Filter>资源文件</Filter>
    </None>
    <None Include="res\root.ico">
      <Filter>资源文件</Filter>
    </None>
    <None Include="res\first_level node.ico">
      <Filter>资源文件</Filter>
    </None>
    <None Include="..\..\..\..\..\Desktop\first_level node.ico">
      <Filter>资源文件</Filter>
    </None>
    <None Include="..\..\..\..\..\Desktop\root.ico">
      <Filter>资源文件</Filter>
    </None>
  </ItemGroup>
  <ItemGroup>
    <ClInclude Include="DBMS.h">
      <Filter>头文件</Filter>
    </ClInclude>
    <ClInclude Include="stdafx.h">
      <Filter>头文件</Filter>
    </ClInclude>
    <ClInclude Include="targetver.h">
      <Filter>头文件</Filter>
    </ClInclude>
    <ClInclude Include="MainFrm.h">
      <Filter>头文件</Filter>
    </ClInclude>
    <ClInclude Include="DBMSDoc.h">
      <Filter>头文件</Filter>
    </ClInclude>
    <ClInclude Include="DBMSView.h">
      <Filter>头文件</Filter>
    </ClInclude>
    <ClInclude Include="Resource.h">
      <Filter>头文件</Filter>
    </ClInclude>
    <ClInclude Include="DBView.h">
      <Filter>头文件</Filter>
    </ClInclude>
    <ClInclude Include="global.h">
      <Filter>头文件</Filter>
    </ClInclude>
    <ClInclude Include="DBEntity.h">
      <Filter>头文件</Filter>
    </ClInclude>
    <ClInclude Include="AppException.h">
      <Filter>头文件</Filter>
    </ClInclude>
    <ClInclude Include="DBLogic.h">
      <Filter>头文件</Filter>
    </ClInclude>
    <ClInclude Include="CreateDB.h">
      <Filter>头文件</Filter>
    </ClInclude>
    <ClInclude Include="OpenDB.h">
      <Filter>头文件</Filter>
    </ClInclude>
    <ClInclude Include="AddTable.h">
      <Filter>头文件</Filter>
    </ClInclude>
    <ClInclude Include="DBListView.h">
      <Filter>头文件</Filter>
    </ClInclude>
    <ClInclude Include="ModifyTable.h">
      <Filter>头文件</Filter>
    </ClInclude>
    <ClInclude Include="OpenTable.h">
      <Filter>头文件</Filter>
    </ClInclude>
    <ClInclude Include="DeleteTable.h">
      <Filter>头文件</Filter>
    </ClInclude>
    <ClInclude Include="AddField.h">
      <Filter>头文件</Filter>
    </ClInclude>
    <ClInclude Include="ModifyField.h">
      <Filter>头文件</Filter>
    </ClInclude>
    <ClInclude Include="DeleteField.h">
      <Filter>头文件</Filter>
    </ClInclude>
    <ClInclude Include="AddRecord.h">
      <Filter>头文件</Filter>
    </ClInclude>
    <ClInclude Include="CheckRecord.h">
      <Filter>头文件</Filter>
    </ClInclude>
    <ClInclude Include="CheckRecord2.h">
      <Filter>头文件</Filter>
    </ClInclude>
    <ClInclude Include="ModifyRecord.h">
      <Filter>头文件</Filter>
    </ClInclude>
    <ClInclude Include="CheckRecord3.h">
      <Filter>头文件</Filter>
    </ClInclude>
    <ClInclude Include="DeleteRecord.h">
      <Filter>头文件</Filter>
    </ClInclude>
    <ClInclude Include="DeleteDatabase.h">
      <Filter>头文件</Filter>
    </ClInclude>
  </ItemGroup>
  <ItemGroup>
    <ClCompile Include="DBMS.cpp">
      <Filter>源文件</Filter>
    </ClCompile>
    <ClCompile Include="stdafx.cpp">
      <Filter>源文件</Filter>
    </ClCompile>
    <ClCompile Include="MainFrm.cpp">
      <Filter>源文件</Filter>
    </ClCompile>
    <ClCompile Include="DBMSDoc.cpp">
      <Filter>源文件</Filter>
    </ClCompile>
    <ClCompile Include="DBMSView.cpp">
      <Filter>源文件</Filter>
    </ClCompile>
    <ClCompile Include="DBView.cpp">
      <Filter>源文件</Filter>
    </ClCompile>
    <ClCompile Include="DBEntity.cpp">
      <Filter>源文件</Filter>
    </ClCompile>
    <ClCompile Include="AppException.cpp">
      <Filter>源文件</Filter>
    </ClCompile>
    <ClCompile Include="DBLogic.cpp">
      <Filter>源文件</Filter>
    </ClCompile>
    <ClCompile Include="CreateDB.cpp">
      <Filter>源文件</Filter>
    </ClCompile>
    <ClCompile Include="OpenDB.cpp">
      <Filter>源文件</Filter>
    </ClCompile>
    <ClCompile Include="AddTable.cpp">
      <Filter>源文件</Filter>
    </ClCompile>
    <ClCompile Include="DBListView.cpp">
      <Filter>源文件</Filter>
    </ClCompile>
    <ClCompile Include="ModifyTable.cpp">
      <Filter>源文件</Filter>
    </ClCompile>
    <ClCompile Include="OpenTable.cpp">
      <Filter>源文件</Filter>
    </ClCompile>
    <ClCompile Include="DeleteTable.cpp">
      <Filter>源文件</Filter>
    </ClCompile>
    <ClCompile Include="AddField.cpp">
      <Filter>源文件</Filter>
    </ClCompile>
    <ClCompile Include="ModifyField.cpp">
      <Filter>源文件</Filter>
    </ClCompile>
    <ClCompile Include="DeleteField.cpp">
      <Filter>源文件</Filter>
    </ClCompile>
    <ClCompile Include="AddRecord.cpp">
      <Filter>源文件</Filter>
    </ClCompile>
    <ClCompile Include="CheckRecord.cpp">
      <Filter>源文件</Filter>
    </ClCompile>
    <ClCompile Include="CheckRecord2.cpp">
      <Filter>源文件</Filter>
    </ClCompile>
    <ClCompile Include="ModifyRecord.cpp">
      <Filter>源文件</Filter>
    </ClCompile>
    <ClCompile Include="CheckRecord3.cpp">
      <Filter>源文件</Filter>
    </ClCompile>
    <ClCompile Include="DeleteRecord.cpp">
      <Filter>源文件</Filter>
    </ClCompile>
    <ClCompile Include="DeleteDatabase.cpp">
      <Filter>源文件</Filter>
    </ClCompile>
  </ItemGroup>
  <ItemGroup>
    <ResourceCompile Include="DBMS.rc">
      <Filter>资源文件</Filter>
    </ResourceCompile>
  </ItemGroup>
</Project>