
Microsoft Visual Studio Solution File, Format Version 11.00
# Visual Studio 2010
Project("{8BC9CEB8-8B4A-11D0-8D11-00A0C91BC942}") = "RKDBMS", "RKDBMS\RKDBMS.vcxproj", "{5B28A694-15BF-4485-BEF5-F4EC6E378158}"
EndProject
Global
	GlobalSection(SolutionConfigurationPlatforms) = preSolution
		Debug|Win32 = Debug|Win32
		Release|Win32 = Release|Win32
	EndGlobalSection
	GlobalSection(ProjectConfigurationPlatforms) = postSolution
		{5B28A694-15BF-4485-BEF5-F4EC6E378158}.Debug|Win32.ActiveCfg = Debug|Win32
		{5B28A694-15BF-4485-BEF5-F4EC6E378158}.Debug|Win32.Build.0 = Debug|Win32
		{5B28A694-15BF-4485-BEF5-F4EC6E378158}.Release|Win32.ActiveCfg = Release|Win32
		{5B28A694-15BF-4485-BEF5-F4EC6E378158}.Release|Win32.Build.0 = Release|Win32
	EndGlobalSection
	GlobalSection(SolutionProperties) = preSolution
		HideSolutionNode = FALSE
	EndGlobalSection
EndGlobal
